
Microsoft Visual Studio Solution File, Format Version 12.00
# Visual Studio Version 16
VisualStudioVersion = 16.0.31321.278
MinimumVisualStudioVersion = 10.0.40219.1
Project("{FAE04EC0-301F-11D3-BF4B-00C04F79EFBC}") = "Solution", "Solution\Solution.csproj", "{51859F2C-90A2-4C3C-B3D8-D6E309E4A287}"
EndProject
Global
	GlobalSection(SolutionConfigurationPlatforms) = preSolution
		Debug|Any CPU = Debug|Any CPU
		Release|Any CPU = Release|Any CPU
	EndGlobalSection
	GlobalSection(ProjectConfigurationPlatforms) = postSolution
		{51859F2C-90A2-4C3C-B3D8-D6E309E4A287}.Debug|Any CPU.ActiveCfg = Debug|Any CPU
		{51859F2C-90A2-4C3C-B3D8-D6E309E4A287}.Debug|Any CPU.Build.0 = Debug|Any CPU
		{51859F2C-90A2-4C3C-B3D8-D6E309E4A287}.Release|Any CPU.ActiveCfg = Release|Any CPU
		{51859F2C-90A2-4C3C-B3D8-D6E309E4A287}.Release|Any CPU.Build.0 = Release|Any CPU
	EndGlobalSection
	GlobalSection(SolutionProperties) = preSolution
		HideSolutionNode = FALSE
	EndGlobalSection
	GlobalSection(ExtensibilityGlobals) = postSolution
		SolutionGuid = {8221E451-AE1D-4CAF-8703-38E1CD88ACD4}
	EndGlobalSection
EndGlobal
